// !$*UTF8*$!
{
	archiveVersion = 1;
	classes = {
	};
	objectVersion = 56;
	objects = {

/* Begin PBXBuildFile section */
		091C02EF2C5035EC0060A147 /* AppDelegate.swift in Sources */ = {isa = PBXBuildFile; fileRef = 091C02EE2C5035EC0060A147 /* AppDelegate.swift */; };
		091C02F32C5035ED0060A147 /* Assets.xcassets in Resources */ = {isa = PBXBuildFile; fileRef = 091C02F22C5035ED0060A147 /* Assets.xcassets */; };
		091C02F62C5035ED0060A147 /* Base in Resources */ = {isa = PBXBuildFile; fileRef = 091C02F52C5035ED0060A147 /* Base */; };
		091C03202C5036BE0060A147 /* smushclient-swift.swift in Sources */ = {isa = PBXBuildFile; fileRef = 091C031B2C5036BE0060A147 /* smushclient-swift.swift */; };
		091C03212C5036BE0060A147 /* SwiftBridgeCore.swift in Sources */ = {isa = PBXBuildFile; fileRef = 091C031E2C5036BE0060A147 /* SwiftBridgeCore.swift */; };
		093875282C6592C600F40D2F /* WorldSettingsTabView.swift in Sources */ = {isa = PBXBuildFile; fileRef = 093875272C6592C600F40D2F /* WorldSettingsTabView.swift */; };
		093EC6792C5C1C4000E7E646 /* WorldAddressView.swift in Sources */ = {isa = PBXBuildFile; fileRef = 09A47AD42C5BDFC400A4D6C7 /* WorldAddressView.swift */; };
		093EC67B2C5C21BC00E7E646 /* WorldSettingsHostingController.swift in Sources */ = {isa = PBXBuildFile; fileRef = 093EC67A2C5C21BC00E7E646 /* WorldSettingsHostingController.swift */; };
		0946E1412C612A2800AC76EF /* SmushfileDocument.swift in Sources */ = {isa = PBXBuildFile; fileRef = 0946E1402C612A2800AC76EF /* SmushfileDocument.swift */; };
		094C30FA2C5038D20079B229 /* libsmushclient_swift.a in Frameworks */ = {isa = PBXBuildFile; fileRef = 094C30F82C50389A0079B229 /* libsmushclient_swift.a */; };
		094C31062C5070120079B229 /* DocumentViewController.swift in Sources */ = {isa = PBXBuildFile; fileRef = 094C31052C5070120079B229 /* DocumentViewController.swift */; };
		09565E2B2C5D491A00650902 /* serde.swift in Sources */ = {isa = PBXBuildFile; fileRef = 09565E2A2C5D491A00650902 /* serde.swift */; };
		0967D6A22C5AC94D00C0A7BC /* WorldSettingsView.swift in Sources */ = {isa = PBXBuildFile; fileRef = 0967D6A12C5AC94D00C0A7BC /* WorldSettingsView.swift */; };
		0967D6A82C5AF1FB00C0A7BC /* WorldModel.swift in Sources */ = {isa = PBXBuildFile; fileRef = 0967D6A72C5AF1FB00C0A7BC /* WorldModel.swift */; };
		096854262C7D259E002F5858 /* DocumentViewController+SendHandler.swift in Sources */ = {isa = PBXBuildFile; fileRef = 096854252C7D259E002F5858 /* DocumentViewController+SendHandler.swift */; };
		096854292C7D2DEE002F5858 /* DequeModule in Frameworks */ = {isa = PBXBuildFile; productRef = 096854282C7D2DEE002F5858 /* DequeModule */; };
		098042222C669B1400621F92 /* RecentDocument.swift in Sources */ = {isa = PBXBuildFile; fileRef = 098042212C669B1400621F92 /* RecentDocument.swift */; };
		09897B082C63E2B70007C3D7 /* DocumentViewController+NSTextFieldDelegate.swift in Sources */ = {isa = PBXBuildFile; fileRef = 09897B072C63E2B70007C3D7 /* DocumentViewController+NSTextFieldDelegate.swift */; };
		09897B0A2C63E67E0007C3D7 /* DocumentViewController+OutputHandler.swift in Sources */ = {isa = PBXBuildFile; fileRef = 09897B092C63E67E0007C3D7 /* DocumentViewController+OutputHandler.swift */; };
		09897B112C63E94E0007C3D7 /* StatusBarView.swift in Sources */ = {isa = PBXBuildFile; fileRef = 09897B102C63E94E0007C3D7 /* StatusBarView.swift */; };
		09897B132C63EC500007C3D7 /* ColorPairModel.swift in Sources */ = {isa = PBXBuildFile; fileRef = 09897B122C63EC500007C3D7 /* ColorPairModel.swift */; };
		09897B152C63EF800007C3D7 /* OutputFonts.swift in Sources */ = {isa = PBXBuildFile; fileRef = 09897B142C63EF800007C3D7 /* OutputFonts.swift */; };
		099A59C82C67E47F003ED81A /* WorldRequiredTextField.swift in Sources */ = {isa = PBXBuildFile; fileRef = 099A59C72C67E47F003ED81A /* WorldRequiredTextField.swift */; };
		09AA66032C62C56500796476 /* StatusBarState.swift in Sources */ = {isa = PBXBuildFile; fileRef = 09AA66022C62C56500796476 /* StatusBarState.swift */; };
		09BCD6E52C62DA300057B475 /* WorldTextField.swift in Sources */ = {isa = PBXBuildFile; fileRef = 09BCD6E42C62DA300057B475 /* WorldTextField.swift */; };
		09BCD6E72C62DC780057B475 /* WorldSecureField.swift in Sources */ = {isa = PBXBuildFile; fileRef = 09BCD6E62C62DC780057B475 /* WorldSecureField.swift */; };
		09BCD6E92C62DCFA0057B475 /* WorldPortField.swift in Sources */ = {isa = PBXBuildFile; fileRef = 09BCD6E82C62DCFA0057B475 /* WorldPortField.swift */; };
		09BCD6EB2C62DEF70057B475 /* WorldToggleField.swift in Sources */ = {isa = PBXBuildFile; fileRef = 09BCD6EA2C62DEF70057B475 /* WorldToggleField.swift */; };
		09BCD6F12C62E0490057B475 /* SenderModel.swift in Sources */ = {isa = PBXBuildFile; fileRef = 09BCD6F02C62E0490057B475 /* SenderModel.swift */; };
		09BCD6F32C62E0570057B475 /* ReactionModel.swift in Sources */ = {isa = PBXBuildFile; fileRef = 09BCD6F22C62E0570057B475 /* ReactionModel.swift */; };
		09BCD6F52C62E0600057B475 /* AliasModel.swift in Sources */ = {isa = PBXBuildFile; fileRef = 09BCD6F42C62E0600057B475 /* AliasModel.swift */; };
		09BCD6F72C62E06D0057B475 /* TriggerModel.swift in Sources */ = {isa = PBXBuildFile; fileRef = 09BCD6F62C62E06D0057B475 /* TriggerModel.swift */; };
		09BCD6F92C62E0780057B475 /* TimerModel.swift in Sources */ = {isa = PBXBuildFile; fileRef = 09BCD6F82C62E0780057B475 /* TimerModel.swift */; };
		09CDA6232C517FFE006FC3C9 /* actions.swift in Sources */ = {isa = PBXBuildFile; fileRef = 09CDA6222C517FFE006FC3C9 /* actions.swift */; };
		09CE510B2C631812005057B6 /* OutputFormatter.swift in Sources */ = {isa = PBXBuildFile; fileRef = 09CE510A2C631812005057B6 /* OutputFormatter.swift */; };
		09D666C02C654B2E00416A00 /* Stories.swift in Sources */ = {isa = PBXBuildFile; fileRef = 09D666BF2C654B2E00416A00 /* Stories.swift */; };
		09E2DB342C6670680031BEDF /* WelcomeHostingController.swift in Sources */ = {isa = PBXBuildFile; fileRef = 09E2DB332C6670680031BEDF /* WelcomeHostingController.swift */; };
		09E2DB362C6670860031BEDF /* WelcomeView.swift in Sources */ = {isa = PBXBuildFile; fileRef = 09E2DB352C6670860031BEDF /* WelcomeView.swift */; };
/* End PBXBuildFile section */

/* Begin PBXFileReference section */
		091C02EB2C5035EC0060A147 /* SmushClient.app */ = {isa = PBXFileReference; explicitFileType = wrapper.application; includeInIndex = 0; path = SmushClient.app; sourceTree = BUILT_PRODUCTS_DIR; };
		091C02EE2C5035EC0060A147 /* AppDelegate.swift */ = {isa = PBXFileReference; lastKnownFileType = sourcecode.swift; path = AppDelegate.swift; sourceTree = "<group>"; };
		091C02F22C5035ED0060A147 /* Assets.xcassets */ = {isa = PBXFileReference; lastKnownFileType = folder.assetcatalog; path = Assets.xcassets; sourceTree = "<group>"; };
		091C02F52C5035ED0060A147 /* Base */ = {isa = PBXFileReference; lastKnownFileType = file.storyboard; name = Base; path = Base.lproj/Main.storyboard; sourceTree = "<group>"; };
		091C02F72C5035ED0060A147 /* SmushClient.entitlements */ = {isa = PBXFileReference; lastKnownFileType = text.plist.entitlements; path = SmushClient.entitlements; sourceTree = "<group>"; };
		091C03192C5036BE0060A147 /* BridgingHeader.h */ = {isa = PBXFileReference; fileEncoding = 4; lastKnownFileType = sourcecode.c.h; path = BridgingHeader.h; sourceTree = "<group>"; };
		091C031A2C5036BE0060A147 /* smushclient-swift.h */ = {isa = PBXFileReference; fileEncoding = 4; lastKnownFileType = sourcecode.c.h; path = "smushclient-swift.h"; sourceTree = "<group>"; };
		091C031B2C5036BE0060A147 /* smushclient-swift.swift */ = {isa = PBXFileReference; fileEncoding = 4; lastKnownFileType = sourcecode.swift; path = "smushclient-swift.swift"; sourceTree = "<group>"; };
		091C031D2C5036BE0060A147 /* SwiftBridgeCore.h */ = {isa = PBXFileReference; fileEncoding = 4; lastKnownFileType = sourcecode.c.h; path = SwiftBridgeCore.h; sourceTree = "<group>"; };
		091C031E2C5036BE0060A147 /* SwiftBridgeCore.swift */ = {isa = PBXFileReference; fileEncoding = 4; lastKnownFileType = sourcecode.swift; path = SwiftBridgeCore.swift; sourceTree = "<group>"; };
		093577282C61468D004F9A48 /* Info.plist */ = {isa = PBXFileReference; lastKnownFileType = text.plist.xml; path = Info.plist; sourceTree = "<group>"; };
		093875272C6592C600F40D2F /* WorldSettingsTabView.swift */ = {isa = PBXFileReference; fileEncoding = 4; lastKnownFileType = sourcecode.swift; path = WorldSettingsTabView.swift; sourceTree = "<group>"; };
		093EC67A2C5C21BC00E7E646 /* WorldSettingsHostingController.swift */ = {isa = PBXFileReference; lastKnownFileType = sourcecode.swift; path = WorldSettingsHostingController.swift; sourceTree = "<group>"; };
		0946E1402C612A2800AC76EF /* SmushfileDocument.swift */ = {isa = PBXFileReference; lastKnownFileType = sourcecode.swift; path = SmushfileDocument.swift; sourceTree = "<group>"; };
		094C30F82C50389A0079B229 /* libsmushclient_swift.a */ = {isa = PBXFileReference; lastKnownFileType = archive.ar; name = libsmushclient_swift.a; path = ../../target/debug/libsmushclient_swift.a; sourceTree = "<group>"; };
		094C31052C5070120079B229 /* DocumentViewController.swift */ = {isa = PBXFileReference; lastKnownFileType = sourcecode.swift; path = DocumentViewController.swift; sourceTree = "<group>"; };
		09565E2A2C5D491A00650902 /* serde.swift */ = {isa = PBXFileReference; lastKnownFileType = sourcecode.swift; path = serde.swift; sourceTree = "<group>"; };
		0967D6A12C5AC94D00C0A7BC /* WorldSettingsView.swift */ = {isa = PBXFileReference; lastKnownFileType = sourcecode.swift; path = WorldSettingsView.swift; sourceTree = "<group>"; };
		0967D6A72C5AF1FB00C0A7BC /* WorldModel.swift */ = {isa = PBXFileReference; lastKnownFileType = sourcecode.swift; path = WorldModel.swift; sourceTree = "<group>"; };
		096854252C7D259E002F5858 /* DocumentViewController+SendHandler.swift */ = {isa = PBXFileReference; lastKnownFileType = sourcecode.swift; path = "DocumentViewController+SendHandler.swift"; sourceTree = "<group>"; };
		098042212C669B1400621F92 /* RecentDocument.swift */ = {isa = PBXFileReference; lastKnownFileType = sourcecode.swift; path = RecentDocument.swift; sourceTree = "<group>"; };
		09897B072C63E2B70007C3D7 /* DocumentViewController+NSTextFieldDelegate.swift */ = {isa = PBXFileReference; fileEncoding = 4; lastKnownFileType = sourcecode.swift; path = "DocumentViewController+NSTextFieldDelegate.swift"; sourceTree = "<group>"; };
		09897B092C63E67E0007C3D7 /* DocumentViewController+OutputHandler.swift */ = {isa = PBXFileReference; fileEncoding = 4; lastKnownFileType = sourcecode.swift; path = "DocumentViewController+OutputHandler.swift"; sourceTree = "<group>"; };
		09897B102C63E94E0007C3D7 /* StatusBarView.swift */ = {isa = PBXFileReference; lastKnownFileType = sourcecode.swift; path = StatusBarView.swift; sourceTree = "<group>"; };
		09897B122C63EC500007C3D7 /* ColorPairModel.swift */ = {isa = PBXFileReference; fileEncoding = 4; lastKnownFileType = sourcecode.swift; path = ColorPairModel.swift; sourceTree = "<group>"; };
		09897B142C63EF800007C3D7 /* OutputFonts.swift */ = {isa = PBXFileReference; fileEncoding = 4; lastKnownFileType = sourcecode.swift; path = OutputFonts.swift; sourceTree = "<group>"; };
		099A59C72C67E47F003ED81A /* WorldRequiredTextField.swift */ = {isa = PBXFileReference; lastKnownFileType = sourcecode.swift; path = WorldRequiredTextField.swift; sourceTree = "<group>"; };
		09A47AD42C5BDFC400A4D6C7 /* WorldAddressView.swift */ = {isa = PBXFileReference; lastKnownFileType = sourcecode.swift; path = WorldAddressView.swift; sourceTree = "<group>"; };
		09AA66022C62C56500796476 /* StatusBarState.swift */ = {isa = PBXFileReference; lastKnownFileType = sourcecode.swift; path = StatusBarState.swift; sourceTree = "<group>"; };
		09BCD6E42C62DA300057B475 /* WorldTextField.swift */ = {isa = PBXFileReference; lastKnownFileType = sourcecode.swift; path = WorldTextField.swift; sourceTree = "<group>"; };
		09BCD6E62C62DC780057B475 /* WorldSecureField.swift */ = {isa = PBXFileReference; fileEncoding = 4; lastKnownFileType = sourcecode.swift; path = WorldSecureField.swift; sourceTree = "<group>"; };
		09BCD6E82C62DCFA0057B475 /* WorldPortField.swift */ = {isa = PBXFileReference; fileEncoding = 4; lastKnownFileType = sourcecode.swift; path = WorldPortField.swift; sourceTree = "<group>"; };
		09BCD6EA2C62DEF70057B475 /* WorldToggleField.swift */ = {isa = PBXFileReference; fileEncoding = 4; lastKnownFileType = sourcecode.swift; path = WorldToggleField.swift; sourceTree = "<group>"; };
		09BCD6F02C62E0490057B475 /* SenderModel.swift */ = {isa = PBXFileReference; fileEncoding = 4; lastKnownFileType = sourcecode.swift; path = SenderModel.swift; sourceTree = "<group>"; };
		09BCD6F22C62E0570057B475 /* ReactionModel.swift */ = {isa = PBXFileReference; fileEncoding = 4; lastKnownFileType = sourcecode.swift; path = ReactionModel.swift; sourceTree = "<group>"; };
		09BCD6F42C62E0600057B475 /* AliasModel.swift */ = {isa = PBXFileReference; fileEncoding = 4; lastKnownFileType = sourcecode.swift; path = AliasModel.swift; sourceTree = "<group>"; };
		09BCD6F62C62E06D0057B475 /* TriggerModel.swift */ = {isa = PBXFileReference; fileEncoding = 4; lastKnownFileType = sourcecode.swift; path = TriggerModel.swift; sourceTree = "<group>"; };
		09BCD6F82C62E0780057B475 /* TimerModel.swift */ = {isa = PBXFileReference; fileEncoding = 4; lastKnownFileType = sourcecode.swift; path = TimerModel.swift; sourceTree = "<group>"; };
		09CDA6222C517FFE006FC3C9 /* actions.swift */ = {isa = PBXFileReference; fileEncoding = 4; lastKnownFileType = sourcecode.swift; path = actions.swift; sourceTree = "<group>"; };
		09CE510A2C631812005057B6 /* OutputFormatter.swift */ = {isa = PBXFileReference; lastKnownFileType = sourcecode.swift; path = OutputFormatter.swift; sourceTree = "<group>"; };
		09D666BF2C654B2E00416A00 /* Stories.swift */ = {isa = PBXFileReference; lastKnownFileType = sourcecode.swift; path = Stories.swift; sourceTree = "<group>"; };
		09E2DB332C6670680031BEDF /* WelcomeHostingController.swift */ = {isa = PBXFileReference; lastKnownFileType = sourcecode.swift; path = WelcomeHostingController.swift; sourceTree = "<group>"; };
		09E2DB352C6670860031BEDF /* WelcomeView.swift */ = {isa = PBXFileReference; lastKnownFileType = sourcecode.swift; path = WelcomeView.swift; sourceTree = "<group>"; };
/* End PBXFileReference section */

/* Begin PBXFrameworksBuildPhase section */
		091C02E82C5035EC0060A147 /* Frameworks */ = {
			isa = PBXFrameworksBuildPhase;
			buildActionMask = 2147483647;
			files = (
				094C30FA2C5038D20079B229 /* libsmushclient_swift.a in Frameworks */,
				096854292C7D2DEE002F5858 /* DequeModule in Frameworks */,
			);
			runOnlyForDeploymentPostprocessing = 0;
		};
/* End PBXFrameworksBuildPhase section */

/* Begin PBXGroup section */
		091C02E22C5035EC0060A147 = {
			isa = PBXGroup;
			children = (
				091C03192C5036BE0060A147 /* BridgingHeader.h */,
				091C031F2C5036BE0060A147 /* Generated */,
				091C02ED2C5035EC0060A147 /* SmushClient */,
				091C02EC2C5035EC0060A147 /* Products */,
				094C30F72C50389A0079B229 /* Frameworks */,
			);
			sourceTree = "<group>";
		};
		091C02EC2C5035EC0060A147 /* Products */ = {
			isa = PBXGroup;
			children = (
				091C02EB2C5035EC0060A147 /* SmushClient.app */,
			);
			name = Products;
			sourceTree = "<group>";
		};
		091C02ED2C5035EC0060A147 /* SmushClient */ = {
			isa = PBXGroup;
			children = (
				091C02EE2C5035EC0060A147 /* AppDelegate.swift */,
				09D666BF2C654B2E00416A00 /* Stories.swift */,
				09897B0F2C63E7A00007C3D7 /* Document */,
				09BCD6ED2C62DFFE0057B475 /* Model */,
				091C03272C5037100060A147 /* Rendering */,
				093577292C614697004F9A48 /* Resources */,
				09AA66042C62C5F600796476 /* StatusBar */,
				09E2DB322C6670560031BEDF /* WelcomeView */,
				097FDA302C59916D00F19196 /* WorldSettings */,
			);
			path = SmushClient;
			sourceTree = "<group>";
		};
		091C031C2C5036BE0060A147 /* smushclient-swift */ = {
			isa = PBXGroup;
			children = (
				091C031A2C5036BE0060A147 /* smushclient-swift.h */,
				091C031B2C5036BE0060A147 /* smushclient-swift.swift */,
			);
			path = "smushclient-swift";
			sourceTree = "<group>";
		};
		091C031F2C5036BE0060A147 /* Generated */ = {
			isa = PBXGroup;
			children = (
				091C031C2C5036BE0060A147 /* smushclient-swift */,
				091C031D2C5036BE0060A147 /* SwiftBridgeCore.h */,
				091C031E2C5036BE0060A147 /* SwiftBridgeCore.swift */,
			);
			path = Generated;
			sourceTree = "<group>";
		};
		091C03272C5037100060A147 /* Rendering */ = {
			isa = PBXGroup;
			children = (
				09CE510A2C631812005057B6 /* OutputFormatter.swift */,
				09897B142C63EF800007C3D7 /* OutputFonts.swift */,
				09CDA6222C517FFE006FC3C9 /* actions.swift */,
			);
			path = Rendering;
			sourceTree = "<group>";
		};
		093577292C614697004F9A48 /* Resources */ = {
			isa = PBXGroup;
			children = (
				091C02F22C5035ED0060A147 /* Assets.xcassets */,
				093577282C61468D004F9A48 /* Info.plist */,
				091C02F42C5035ED0060A147 /* Main.storyboard */,
				091C02F72C5035ED0060A147 /* SmushClient.entitlements */,
			);
			name = Resources;
			sourceTree = "<group>";
		};
		094C30F72C50389A0079B229 /* Frameworks */ = {
			isa = PBXGroup;
			children = (
				094C30F82C50389A0079B229 /* libsmushclient_swift.a */,
			);
			name = Frameworks;
			sourceTree = "<group>";
		};
		097FDA302C59916D00F19196 /* WorldSettings */ = {
			isa = PBXGroup;
			children = (
				093EC67A2C5C21BC00E7E646 /* WorldSettingsHostingController.swift */,
				0967D6A12C5AC94D00C0A7BC /* WorldSettingsView.swift */,
				093875272C6592C600F40D2F /* WorldSettingsTabView.swift */,
				09BCD6E32C62DA1E0057B475 /* Components */,
				09BCD6EC2C62DFDD0057B475 /* Panes */,
			);
			path = WorldSettings;
			sourceTree = "<group>";
		};
		09897B0F2C63E7A00007C3D7 /* Document */ = {
			isa = PBXGroup;
			children = (
				0946E1402C612A2800AC76EF /* SmushfileDocument.swift */,
				094C31052C5070120079B229 /* DocumentViewController.swift */,
				09897B092C63E67E0007C3D7 /* DocumentViewController+OutputHandler.swift */,
				096854252C7D259E002F5858 /* DocumentViewController+SendHandler.swift */,
				09897B072C63E2B70007C3D7 /* DocumentViewController+NSTextFieldDelegate.swift */,
			);
			path = Document;
			sourceTree = "<group>";
		};
		09AA66042C62C5F600796476 /* StatusBar */ = {
			isa = PBXGroup;
			children = (
				09AA66022C62C56500796476 /* StatusBarState.swift */,
				09897B102C63E94E0007C3D7 /* StatusBarView.swift */,
			);
			path = StatusBar;
			sourceTree = "<group>";
		};
		09BCD6E32C62DA1E0057B475 /* Components */ = {
			isa = PBXGroup;
			children = (
				09BCD6E82C62DCFA0057B475 /* WorldPortField.swift */,
				09BCD6E62C62DC780057B475 /* WorldSecureField.swift */,
				09BCD6E42C62DA300057B475 /* WorldTextField.swift */,
				099A59C72C67E47F003ED81A /* WorldRequiredTextField.swift */,
				09BCD6EA2C62DEF70057B475 /* WorldToggleField.swift */,
			);
			path = Components;
			sourceTree = "<group>";
		};
		09BCD6EC2C62DFDD0057B475 /* Panes */ = {
			isa = PBXGroup;
			children = (
				09A47AD42C5BDFC400A4D6C7 /* WorldAddressView.swift */,
			);
			path = Panes;
			sourceTree = "<group>";
		};
		09BCD6ED2C62DFFE0057B475 /* Model */ = {
			isa = PBXGroup;
			children = (
				09BCD6F42C62E0600057B475 /* AliasModel.swift */,
				09897B122C63EC500007C3D7 /* ColorPairModel.swift */,
				09BCD6F22C62E0570057B475 /* ReactionModel.swift */,
				09BCD6F02C62E0490057B475 /* SenderModel.swift */,
				09565E2A2C5D491A00650902 /* serde.swift */,
				09BCD6F82C62E0780057B475 /* TimerModel.swift */,
				09BCD6F62C62E06D0057B475 /* TriggerModel.swift */,
				0967D6A72C5AF1FB00C0A7BC /* WorldModel.swift */,
			);
			path = Model;
			sourceTree = "<group>";
		};
		09E2DB322C6670560031BEDF /* WelcomeView */ = {
			isa = PBXGroup;
			children = (
				09E2DB332C6670680031BEDF /* WelcomeHostingController.swift */,
				09E2DB352C6670860031BEDF /* WelcomeView.swift */,
				098042212C669B1400621F92 /* RecentDocument.swift */,
			);
			path = WelcomeView;
			sourceTree = "<group>";
		};
/* End PBXGroup section */

/* Begin PBXNativeTarget section */
		091C02EA2C5035EC0060A147 /* SmushClient */ = {
			isa = PBXNativeTarget;
			buildConfigurationList = 091C03102C5035ED0060A147 /* Build configuration list for PBXNativeTarget "SmushClient" */;
			buildPhases = (
				094C30FB2C503EB20079B229 /* ShellScript */,
				094C30F62C5037C00079B229 /* ShellScript */,
				091C02E72C5035EC0060A147 /* Sources */,
				091C02E82C5035EC0060A147 /* Frameworks */,
				091C02E92C5035EC0060A147 /* Resources */,
			);
			buildRules = (
			);
			dependencies = (
			);
			name = SmushClient;
			packageProductDependencies = (
				096854282C7D2DEE002F5858 /* DequeModule */,
			);
			productName = SmushClient;
			productReference = 091C02EB2C5035EC0060A147 /* SmushClient.app */;
			productType = "com.apple.product-type.application";
		};
/* End PBXNativeTarget section */

/* Begin PBXProject section */
		091C02E32C5035EC0060A147 /* Project object */ = {
			isa = PBXProject;
			attributes = {
				BuildIndependentTargetsInParallel = 1;
				LastSwiftUpdateCheck = 1540;
				LastUpgradeCheck = 1540;
				TargetAttributes = {
					091C02EA2C5035EC0060A147 = {
						CreatedOnToolsVersion = 15.4;
					};
				};
			};
			buildConfigurationList = 091C02E62C5035EC0060A147 /* Build configuration list for PBXProject "SmushClient" */;
			compatibilityVersion = "Xcode 14.0";
			developmentRegion = en;
			hasScannedForEncodings = 0;
			knownRegions = (
				en,
				Base,
			);
			mainGroup = 091C02E22C5035EC0060A147;
			packageReferences = (
				096854272C7D2DEE002F5858 /* XCRemoteSwiftPackageReference "swift-collections" */,
			);
			productRefGroup = 091C02EC2C5035EC0060A147 /* Products */;
			projectDirPath = "";
			projectRoot = "";
			targets = (
				091C02EA2C5035EC0060A147 /* SmushClient */,
			);
		};
/* End PBXProject section */

/* Begin PBXResourcesBuildPhase section */
		091C02E92C5035EC0060A147 /* Resources */ = {
			isa = PBXResourcesBuildPhase;
			buildActionMask = 2147483647;
			files = (
				091C02F32C5035ED0060A147 /* Assets.xcassets in Resources */,
				091C02F62C5035ED0060A147 /* Base in Resources */,
			);
			runOnlyForDeploymentPostprocessing = 0;
		};
/* End PBXResourcesBuildPhase section */

/* Begin PBXShellScriptBuildPhase section */
		094C30F62C5037C00079B229 /* ShellScript */ = {
			isa = PBXShellScriptBuildPhase;
			buildActionMask = 2147483647;
			files = (
			);
			inputFileListPaths = (
				"$(PROJECT_DIR)/rust-files.xcfilelist",
			);
			inputPaths = (
			);
			outputFileListPaths = (
			);
			outputPaths = (
				"$(PROJECT_DIR)/Generated/smushclient-swift/smushclient-swift.swift",
				"$(PROJECT_DIR)/Generated/smushclient-swift/SwiftBridgeCore.swift",
				"$(PROJECT_DIR)/Generated/smushclient-swift/SwiftBridgeCore.h",
				"$(PROJECT_DIR)/Generated/smushclient-swift/smushclient-swift.h",
			);
			runOnlyForDeploymentPostprocessing = 0;
			shellPath = /bin/sh;
			shellScript = "if [ $ENABLE_PREVIEWS = \"YES\" ]; then\n  exit\nfi\n\nexport PATH=\"$HOME/.cargo/bin:$PATH\"\n\nif [ $CONFIGURATION = \"Release\" ]; then\n    echo \"BUIlDING FOR RELEASE\"\n\n    cargo build --release --manifest-path ../Cargo.toml\nelse\n    echo \"BUIlDING FOR DEBUG\"\n\n    cargo build --manifest-path ../Cargo.toml\nfi\n";
		};
		094C30FB2C503EB20079B229 /* ShellScript */ = {
			isa = PBXShellScriptBuildPhase;
			alwaysOutOfDate = 1;
			buildActionMask = 12;
			files = (
			);
			inputFileListPaths = (
			);
			inputPaths = (
			);
			outputFileListPaths = (
			);
			outputPaths = (
				"$(PROJECT_DIR)/rust-files.xcfilelist",
			);
			runOnlyForDeploymentPostprocessing = 0;
			shellPath = /bin/sh;
			shellScript = "if [ $ENABLE_PREVIEWS = \"YES\" ]; then\n  exit\nfi\n\necho \"\" > rust-files.xcfilelist\n\nfind ../.. -name SmushClient -prune -o -name '*.rs' -exec sh -c 'echo \"\\$(PROJECT_DIR)/$1\" >> rust-files.xcfilelist' shell {} \\;\n";
		};
/* End PBXShellScriptBuildPhase section */

/* Begin PBXSourcesBuildPhase section */
		091C02E72C5035EC0060A147 /* Sources */ = {
			isa = PBXSourcesBuildPhase;
			buildActionMask = 2147483647;
			files = (
				09BCD6F72C62E06D0057B475 /* TriggerModel.swift in Sources */,
				093EC67B2C5C21BC00E7E646 /* WorldSettingsHostingController.swift in Sources */,
				09BCD6EB2C62DEF70057B475 /* WorldToggleField.swift in Sources */,
				09AA66032C62C56500796476 /* StatusBarState.swift in Sources */,
				09897B132C63EC500007C3D7 /* ColorPairModel.swift in Sources */,
				09565E2B2C5D491A00650902 /* serde.swift in Sources */,
				09BCD6E52C62DA300057B475 /* WorldTextField.swift in Sources */,
				09BCD6F52C62E0600057B475 /* AliasModel.swift in Sources */,
				09897B112C63E94E0007C3D7 /* StatusBarView.swift in Sources */,
				09BCD6E72C62DC780057B475 /* WorldSecureField.swift in Sources */,
				0967D6A22C5AC94D00C0A7BC /* WorldSettingsView.swift in Sources */,
				09CDA6232C517FFE006FC3C9 /* actions.swift in Sources */,
				0967D6A82C5AF1FB00C0A7BC /* WorldModel.swift in Sources */,
				09BCD6E92C62DCFA0057B475 /* WorldPortField.swift in Sources */,
				0946E1412C612A2800AC76EF /* SmushfileDocument.swift in Sources */,
				091C03202C5036BE0060A147 /* smushclient-swift.swift in Sources */,
				098042222C669B1400621F92 /* RecentDocument.swift in Sources */,
				09CE510B2C631812005057B6 /* OutputFormatter.swift in Sources */,
				091C02EF2C5035EC0060A147 /* AppDelegate.swift in Sources */,
				096854262C7D259E002F5858 /* DocumentViewController+SendHandler.swift in Sources */,
				09E2DB342C6670680031BEDF /* WelcomeHostingController.swift in Sources */,
				09897B082C63E2B70007C3D7 /* DocumentViewController+NSTextFieldDelegate.swift in Sources */,
				091C03212C5036BE0060A147 /* SwiftBridgeCore.swift in Sources */,
				094C31062C5070120079B229 /* DocumentViewController.swift in Sources */,
				09897B152C63EF800007C3D7 /* OutputFonts.swift in Sources */,
				09BCD6F12C62E0490057B475 /* SenderModel.swift in Sources */,
				09D666C02C654B2E00416A00 /* Stories.swift in Sources */,
				093875282C6592C600F40D2F /* WorldSettingsTabView.swift in Sources */,
				09E2DB362C6670860031BEDF /* WelcomeView.swift in Sources */,
				09BCD6F92C62E0780057B475 /* TimerModel.swift in Sources */,
				093EC6792C5C1C4000E7E646 /* WorldAddressView.swift in Sources */,
				099A59C82C67E47F003ED81A /* WorldRequiredTextField.swift in Sources */,
				09BCD6F32C62E0570057B475 /* ReactionModel.swift in Sources */,
				09897B0A2C63E67E0007C3D7 /* DocumentViewController+OutputHandler.swift in Sources */,
			);
			runOnlyForDeploymentPostprocessing = 0;
		};
/* End PBXSourcesBuildPhase section */

/* Begin PBXVariantGroup section */
		091C02F42C5035ED0060A147 /* Main.storyboard */ = {
			isa = PBXVariantGroup;
			children = (
				091C02F52C5035ED0060A147 /* Base */,
			);
			name = Main.storyboard;
			sourceTree = "<group>";
		};
/* End PBXVariantGroup section */

/* Begin XCBuildConfiguration section */
		091C030E2C5035ED0060A147 /* Debug */ = {
			isa = XCBuildConfiguration;
			buildSettings = {
				ALWAYS_SEARCH_USER_PATHS = NO;
				ASSETCATALOG_COMPILER_GENERATE_SWIFT_ASSET_SYMBOL_EXTENSIONS = YES;
				CLANG_ANALYZER_NONNULL = YES;
				CLANG_ANALYZER_NUMBER_OBJECT_CONVERSION = YES_AGGRESSIVE;
				CLANG_CXX_LANGUAGE_STANDARD = "gnu++20";
				CLANG_ENABLE_MODULES = YES;
				CLANG_ENABLE_OBJC_ARC = YES;
				CLANG_ENABLE_OBJC_WEAK = YES;
				CLANG_WARN_BLOCK_CAPTURE_AUTORELEASING = YES;
				CLANG_WARN_BOOL_CONVERSION = YES;
				CLANG_WARN_COMMA = YES;
				CLANG_WARN_CONSTANT_CONVERSION = YES;
				CLANG_WARN_DEPRECATED_OBJC_IMPLEMENTATIONS = YES;
				CLANG_WARN_DIRECT_OBJC_ISA_USAGE = YES_ERROR;
				CLANG_WARN_DOCUMENTATION_COMMENTS = YES;
				CLANG_WARN_EMPTY_BODY = YES;
				CLANG_WARN_ENUM_CONVERSION = YES;
				CLANG_WARN_INFINITE_RECURSION = YES;
				CLANG_WARN_INT_CONVERSION = YES;
				CLANG_WARN_NON_LITERAL_NULL_CONVERSION = YES;
				CLANG_WARN_OBJC_IMPLICIT_RETAIN_SELF = YES;
				CLANG_WARN_OBJC_LITERAL_CONVERSION = YES;
				CLANG_WARN_OBJC_ROOT_CLASS = YES_ERROR;
				CLANG_WARN_QUOTED_INCLUDE_IN_FRAMEWORK_HEADER = YES;
				CLANG_WARN_RANGE_LOOP_ANALYSIS = YES;
				CLANG_WARN_STRICT_PROTOTYPES = YES;
				CLANG_WARN_SUSPICIOUS_MOVE = YES;
				CLANG_WARN_UNGUARDED_AVAILABILITY = YES_AGGRESSIVE;
				CLANG_WARN_UNREACHABLE_CODE = YES;
				CLANG_WARN__DUPLICATE_METHOD_MATCH = YES;
				COPY_PHASE_STRIP = NO;
				DEBUG_INFORMATION_FORMAT = dwarf;
				ENABLE_STRICT_OBJC_MSGSEND = YES;
				ENABLE_TESTABILITY = YES;
				ENABLE_USER_SCRIPT_SANDBOXING = NO;
				GCC_C_LANGUAGE_STANDARD = gnu17;
				GCC_DYNAMIC_NO_PIC = NO;
				GCC_NO_COMMON_BLOCKS = YES;
				GCC_OPTIMIZATION_LEVEL = 0;
				GCC_PREPROCESSOR_DEFINITIONS = (
					"DEBUG=1",
					"$(inherited)",
				);
				GCC_WARN_64_TO_32_BIT_CONVERSION = YES;
				GCC_WARN_ABOUT_RETURN_TYPE = YES_ERROR;
				GCC_WARN_UNDECLARED_SELECTOR = YES;
				GCC_WARN_UNINITIALIZED_AUTOS = YES_AGGRESSIVE;
				GCC_WARN_UNUSED_FUNCTION = YES;
				GCC_WARN_UNUSED_VARIABLE = YES;
				LOCALIZATION_PREFERS_STRING_CATALOGS = YES;
				MACOSX_DEPLOYMENT_TARGET = 14.5;
				MTL_ENABLE_DEBUG_INFO = INCLUDE_SOURCE;
				MTL_FAST_MATH = YES;
				ONLY_ACTIVE_ARCH = YES;
				SDKROOT = macosx;
				SWIFT_ACTIVE_COMPILATION_CONDITIONS = "DEBUG $(inherited)";
				SWIFT_OPTIMIZATION_LEVEL = "-Onone";
			};
			name = Debug;
		};
		091C030F2C5035ED0060A147 /* Release */ = {
			isa = XCBuildConfiguration;
			buildSettings = {
				ALWAYS_SEARCH_USER_PATHS = NO;
				ASSETCATALOG_COMPILER_GENERATE_SWIFT_ASSET_SYMBOL_EXTENSIONS = YES;
				CLANG_ANALYZER_NONNULL = YES;
				CLANG_ANALYZER_NUMBER_OBJECT_CONVERSION = YES_AGGRESSIVE;
				CLANG_CXX_LANGUAGE_STANDARD = "gnu++20";
				CLANG_ENABLE_MODULES = YES;
				CLANG_ENABLE_OBJC_ARC = YES;
				CLANG_ENABLE_OBJC_WEAK = YES;
				CLANG_WARN_BLOCK_CAPTURE_AUTORELEASING = YES;
				CLANG_WARN_BOOL_CONVERSION = YES;
				CLANG_WARN_COMMA = YES;
				CLANG_WARN_CONSTANT_CONVERSION = YES;
				CLANG_WARN_DEPRECATED_OBJC_IMPLEMENTATIONS = YES;
				CLANG_WARN_DIRECT_OBJC_ISA_USAGE = YES_ERROR;
				CLANG_WARN_DOCUMENTATION_COMMENTS = YES;
				CLANG_WARN_EMPTY_BODY = YES;
				CLANG_WARN_ENUM_CONVERSION = YES;
				CLANG_WARN_INFINITE_RECURSION = YES;
				CLANG_WARN_INT_CONVERSION = YES;
				CLANG_WARN_NON_LITERAL_NULL_CONVERSION = YES;
				CLANG_WARN_OBJC_IMPLICIT_RETAIN_SELF = YES;
				CLANG_WARN_OBJC_LITERAL_CONVERSION = YES;
				CLANG_WARN_OBJC_ROOT_CLASS = YES_ERROR;
				CLANG_WARN_QUOTED_INCLUDE_IN_FRAMEWORK_HEADER = YES;
				CLANG_WARN_RANGE_LOOP_ANALYSIS = YES;
				CLANG_WARN_STRICT_PROTOTYPES = YES;
				CLANG_WARN_SUSPICIOUS_MOVE = YES;
				CLANG_WARN_UNGUARDED_AVAILABILITY = YES_AGGRESSIVE;
				CLANG_WARN_UNREACHABLE_CODE = YES;
				CLANG_WARN__DUPLICATE_METHOD_MATCH = YES;
				COPY_PHASE_STRIP = NO;
				DEBUG_INFORMATION_FORMAT = "dwarf-with-dsym";
				ENABLE_NS_ASSERTIONS = NO;
				ENABLE_STRICT_OBJC_MSGSEND = YES;
				ENABLE_USER_SCRIPT_SANDBOXING = NO;
				GCC_C_LANGUAGE_STANDARD = gnu17;
				GCC_NO_COMMON_BLOCKS = YES;
				GCC_WARN_64_TO_32_BIT_CONVERSION = YES;
				GCC_WARN_ABOUT_RETURN_TYPE = YES_ERROR;
				GCC_WARN_UNDECLARED_SELECTOR = YES;
				GCC_WARN_UNINITIALIZED_AUTOS = YES_AGGRESSIVE;
				GCC_WARN_UNUSED_FUNCTION = YES;
				GCC_WARN_UNUSED_VARIABLE = YES;
				LOCALIZATION_PREFERS_STRING_CATALOGS = YES;
				MACOSX_DEPLOYMENT_TARGET = 14.5;
				MTL_ENABLE_DEBUG_INFO = NO;
				MTL_FAST_MATH = YES;
				SDKROOT = macosx;
				SWIFT_COMPILATION_MODE = wholemodule;
			};
			name = Release;
		};
		091C03112C5035ED0060A147 /* Debug */ = {
			isa = XCBuildConfiguration;
			buildSettings = {
				ASSETCATALOG_COMPILER_APPICON_NAME = AppIcon;
				ASSETCATALOG_COMPILER_GLOBAL_ACCENT_COLOR_NAME = AccentColor;
				CODE_SIGN_ENTITLEMENTS = SmushClient/SmushClient.entitlements;
				"CODE_SIGN_IDENTITY[sdk=macosx*]" = "Apple Development";
				CODE_SIGN_STYLE = Automatic;
				COMBINE_HIDPI_IMAGES = YES;
				CURRENT_PROJECT_VERSION = 1;
				DEVELOPMENT_TEAM = 274U4G4QQG;
				ENABLE_HARDENED_RUNTIME = NO;
				GENERATE_INFOPLIST_FILE = YES;
				INFOPLIST_FILE = SmushClient/Info.plist;
				INFOPLIST_KEY_NSHumanReadableCopyright = "";
				INFOPLIST_KEY_NSMainStoryboardFile = Main;
				INFOPLIST_KEY_NSPrincipalClass = NSApplication;
				LD_RUNPATH_SEARCH_PATHS = (
					"$(inherited)",
					"@executable_path/../Frameworks",
				);
				"LIBRARY_SEARCH_PATHS[arch=*]" = "$(PROJECT_DIR)/../../target/debug";
				MARKETING_VERSION = 1.0;
				PRODUCT_BUNDLE_IDENTIFIER = com.jnbooth.SmushClient;
				PRODUCT_NAME = "$(TARGET_NAME)";
				SWIFT_EMIT_LOC_STRINGS = YES;
				"SWIFT_OBJC_BRIDGING_HEADER[arch=*]" = "$(PROJECT_DIR)/BridgingHeader.h";
				SWIFT_STRICT_CONCURRENCY = complete;
				SWIFT_VERSION = 5.0;
			};
			name = Debug;
		};
		091C03122C5035ED0060A147 /* Release */ = {
			isa = XCBuildConfiguration;
			buildSettings = {
				ASSETCATALOG_COMPILER_APPICON_NAME = AppIcon;
				ASSETCATALOG_COMPILER_GLOBAL_ACCENT_COLOR_NAME = AccentColor;
				CODE_SIGN_ENTITLEMENTS = SmushClient/SmushClient.entitlements;
				"CODE_SIGN_IDENTITY[sdk=macosx*]" = "Apple Development";
				CODE_SIGN_STYLE = Automatic;
				COMBINE_HIDPI_IMAGES = YES;
				CURRENT_PROJECT_VERSION = 1;
				DEVELOPMENT_TEAM = 274U4G4QQG;
				ENABLE_HARDENED_RUNTIME = NO;
				GENERATE_INFOPLIST_FILE = YES;
				INFOPLIST_FILE = SmushClient/Info.plist;
				INFOPLIST_KEY_NSHumanReadableCopyright = "";
				INFOPLIST_KEY_NSMainStoryboardFile = Main;
				INFOPLIST_KEY_NSPrincipalClass = NSApplication;
				LD_RUNPATH_SEARCH_PATHS = (
					"$(inherited)",
					"@executable_path/../Frameworks",
				);
				"LIBRARY_SEARCH_PATHS[arch=*]" = "$(PROJECT_DIR)/../../target/release";
				MARKETING_VERSION = 1.0;
				PRODUCT_BUNDLE_IDENTIFIER = com.jnbooth.SmushClient;
				PRODUCT_NAME = "$(TARGET_NAME)";
				SWIFT_EMIT_LOC_STRINGS = YES;
				SWIFT_OBJC_BRIDGING_HEADER = "$(PROJECT_DIR)/BridgingHeader.h";
				SWIFT_STRICT_CONCURRENCY = complete;
				SWIFT_VERSION = 5.0;
			};
			name = Release;
		};
/* End XCBuildConfiguration section */

/* Begin XCConfigurationList section */
		091C02E62C5035EC0060A147 /* Build configuration list for PBXProject "SmushClient" */ = {
			isa = XCConfigurationList;
			buildConfigurations = (
				091C030E2C5035ED0060A147 /* Debug */,
				091C030F2C5035ED0060A147 /* Release */,
			);
			defaultConfigurationIsVisible = 0;
			defaultConfigurationName = Release;
		};
		091C03102C5035ED0060A147 /* Build configuration list for PBXNativeTarget "SmushClient" */ = {
			isa = XCConfigurationList;
			buildConfigurations = (
				091C03112C5035ED0060A147 /* Debug */,
				091C03122C5035ED0060A147 /* Release */,
			);
			defaultConfigurationIsVisible = 0;
			defaultConfigurationName = Release;
		};
/* End XCConfigurationList section */

/* Begin XCRemoteSwiftPackageReference section */
		096854272C7D2DEE002F5858 /* XCRemoteSwiftPackageReference "swift-collections" */ = {
			isa = XCRemoteSwiftPackageReference;
			repositoryURL = "https://github.com/apple/swift-collections.git";
			requirement = {
				kind = upToNextMajorVersion;
				minimumVersion = 1.1.3;
			};
		};
/* End XCRemoteSwiftPackageReference section */

/* Begin XCSwiftPackageProductDependency section */
		096854282C7D2DEE002F5858 /* DequeModule */ = {
			isa = XCSwiftPackageProductDependency;
			package = 096854272C7D2DEE002F5858 /* XCRemoteSwiftPackageReference "swift-collections" */;
			productName = DequeModule;
		};
/* End XCSwiftPackageProductDependency section */
	};
	rootObject = 091C02E32C5035EC0060A147 /* Project object */;
}
